
Microsoft Visual Studio Solution File, Format Version 12.00
# Visual Studio Version 17
VisualStudioVersion = 17.4.33122.133
MinimumVisualStudioVersion = 10.0.40219.1
Project("{FAE04EC0-301F-11D3-BF4B-00C04F79EFBC}") = "Notifcations", "Notifcations.csproj", "{1A286193-40B4-48D6-B057-681765DA1C3B}"
EndProject
Global
	GlobalSection(SolutionConfigurationPlatforms) = preSolution
		Debug|Any CPU = Debug|Any CPU
		Release|Any CPU = Release|Any CPU
	EndGlobalSection
	GlobalSection(ProjectConfigurationPlatforms) = postSolution
		{1A286193-40B4-48D6-B057-681765DA1C3B}.Debug|Any CPU.ActiveCfg = Debug|Any CPU
		{1A286193-40B4-48D6-B057-681765DA1C3B}.Debug|Any CPU.Build.0 = Debug|Any CPU
		{1A286193-40B4-48D6-B057-681765DA1C3B}.Release|Any CPU.ActiveCfg = Release|Any CPU
		{1A286193-40B4-48D6-B057-681765DA1C3B}.Release|Any CPU.Build.0 = Release|Any CPU
	EndGlobalSection
	GlobalSection(SolutionProperties) = preSolution
		HideSolutionNode = FALSE
	EndGlobalSection
	GlobalSection(ExtensibilityGlobals) = postSolution
		SolutionGuid = {EAD7DE80-D6F6-4158-A2E8-2F380DC800DF}
	EndGlobalSection
EndGlobal
